// !$*UTF8*$!
{
	archiveVersion = 1;
	classes = {
	};
	objectVersion = 52;
	objects = {

/* Begin PBXBuildFile section */
		7A0F9107256F730F00CBB419 /* AppDelegate.swift in Sources */ = {isa = PBXBuildFile; fileRef = 7A0F9106256F730F00CBB419 /* AppDelegate.swift */; };
		7A0F9109256F730F00CBB419 /* SceneDelegate.swift in Sources */ = {isa = PBXBuildFile; fileRef = 7A0F9108256F730F00CBB419 /* SceneDelegate.swift */; };
		7A0F910E256F730F00CBB419 /* Main.storyboard in Resources */ = {isa = PBXBuildFile; fileRef = 7A0F910C256F730F00CBB419 /* Main.storyboard */; };
		7A0F9110256F731300CBB419 /* Assets.xcassets in Resources */ = {isa = PBXBuildFile; fileRef = 7A0F910F256F731300CBB419 /* Assets.xcassets */; };
		7A0F9113256F731300CBB419 /* LaunchScreen.storyboard in Resources */ = {isa = PBXBuildFile; fileRef = 7A0F9111256F731300CBB419 /* LaunchScreen.storyboard */; };
		7A0F911D256F75CE00CBB419 /* Alamofire in Frameworks */ = {isa = PBXBuildFile; productRef = 7A0F911C256F75CE00CBB419 /* Alamofire */; };
		7A0F9121256F770500CBB419 /* SwiftyJSON in Frameworks */ = {isa = PBXBuildFile; productRef = 7A0F9120256F770500CBB419 /* SwiftyJSON */; };
		7A0F9125256F7AE700CBB419 /* CitiesTableVC.swift in Sources */ = {isa = PBXBuildFile; fileRef = 7A0F9124256F7AE700CBB419 /* CitiesTableVC.swift */; };
		7A0F9128256F7BBE00CBB419 /* CitiesNameCell.swift in Sources */ = {isa = PBXBuildFile; fileRef = 7A0F9127256F7BBE00CBB419 /* CitiesNameCell.swift */; };
		7A0F912B256F879000CBB419 /* DetailVC.swift in Sources */ = {isa = PBXBuildFile; fileRef = 7A0F912A256F879000CBB419 /* DetailVC.swift */; };
		7A0F9132256F8E6100CBB419 /* Roboto-Regular.ttf in Resources */ = {isa = PBXBuildFile; fileRef = 7A0F9131256F8E6100CBB419 /* Roboto-Regular.ttf */; };
		7A0F9135256F8E7100CBB419 /* Roboto-Bold.ttf in Resources */ = {isa = PBXBuildFile; fileRef = 7A0F9134256F8E7100CBB419 /* Roboto-Bold.ttf */; };
		7AB6F8012570FE21007BDED0 /* MapVC.swift in Sources */ = {isa = PBXBuildFile; fileRef = 7AB6F8002570FE21007BDED0 /* MapVC.swift */; };
/* End PBXBuildFile section */

/* Begin PBXFileReference section */
		7A0F9103256F730F00CBB419 /* WeatherProject.app */ = {isa = PBXFileReference; explicitFileType = wrapper.application; includeInIndex = 0; path = WeatherProject.app; sourceTree = BUILT_PRODUCTS_DIR; };
		7A0F9106256F730F00CBB419 /* AppDelegate.swift */ = {isa = PBXFileReference; lastKnownFileType = sourcecode.swift; path = AppDelegate.swift; sourceTree = "<group>"; };
		7A0F9108256F730F00CBB419 /* SceneDelegate.swift */ = {isa = PBXFileReference; lastKnownFileType = sourcecode.swift; path = SceneDelegate.swift; sourceTree = "<group>"; };
		7A0F910D256F730F00CBB419 /* Base */ = {isa = PBXFileReference; lastKnownFileType = file.storyboard; name = Base; path = Base.lproj/Main.storyboard; sourceTree = "<group>"; };
		7A0F910F256F731300CBB419 /* Assets.xcassets */ = {isa = PBXFileReference; lastKnownFileType = folder.assetcatalog; path = Assets.xcassets; sourceTree = "<group>"; };
		7A0F9112256F731300CBB419 /* Base */ = {isa = PBXFileReference; lastKnownFileType = file.storyboard; name = Base; path = Base.lproj/LaunchScreen.storyboard; sourceTree = "<group>"; };
		7A0F9114256F731300CBB419 /* Info.plist */ = {isa = PBXFileReference; lastKnownFileType = text.plist.xml; path = Info.plist; sourceTree = "<group>"; };
		7A0F9124256F7AE700CBB419 /* CitiesTableVC.swift */ = {isa = PBXFileReference; lastKnownFileType = sourcecode.swift; path = CitiesTableVC.swift; sourceTree = "<group>"; };
		7A0F9127256F7BBE00CBB419 /* CitiesNameCell.swift */ = {isa = PBXFileReference; lastKnownFileType = sourcecode.swift; path = CitiesNameCell.swift; sourceTree = "<group>"; };
		7A0F912A256F879000CBB419 /* DetailVC.swift */ = {isa = PBXFileReference; lastKnownFileType = sourcecode.swift; path = DetailVC.swift; sourceTree = "<group>"; };
		7A0F9131256F8E6100CBB419 /* Roboto-Regular.ttf */ = {isa = PBXFileReference; lastKnownFileType = file; path = "Roboto-Regular.ttf"; sourceTree = "<group>"; };
		7A0F9134256F8E7100CBB419 /* Roboto-Bold.ttf */ = {isa = PBXFileReference; lastKnownFileType = file; path = "Roboto-Bold.ttf"; sourceTree = "<group>"; };
		7AB6F8002570FE21007BDED0 /* MapVC.swift */ = {isa = PBXFileReference; lastKnownFileType = sourcecode.swift; path = MapVC.swift; sourceTree = "<group>"; };
/* End PBXFileReference section */

/* Begin PBXFrameworksBuildPhase section */
		7A0F9100256F730F00CBB419 /* Frameworks */ = {
			isa = PBXFrameworksBuildPhase;
			buildActionMask = 2147483647;
			files = (
				7A0F9121256F770500CBB419 /* SwiftyJSON in Frameworks */,
				7A0F911D256F75CE00CBB419 /* Alamofire in Frameworks */,
			);
			runOnlyForDeploymentPostprocessing = 0;
		};
/* End PBXFrameworksBuildPhase section */

/* Begin PBXGroup section */
		7A0F90FA256F730F00CBB419 = {
			isa = PBXGroup;
			children = (
				7A0F9105256F730F00CBB419 /* WeatherProject */,
				7A0F9104256F730F00CBB419 /* Products */,
			);
			sourceTree = "<group>";
		};
		7A0F9104256F730F00CBB419 /* Products */ = {
			isa = PBXGroup;
			children = (
				7A0F9103256F730F00CBB419 /* WeatherProject.app */,
			);
			name = Products;
			sourceTree = "<group>";
		};
		7A0F9105256F730F00CBB419 /* WeatherProject */ = {
			isa = PBXGroup;
			children = (
				7A0F9106256F730F00CBB419 /* AppDelegate.swift */,
				7A0F9108256F730F00CBB419 /* SceneDelegate.swift */,
				7A0F9130256F8E4C00CBB419 /* Fonts */,
				7A0F910C256F730F00CBB419 /* Main.storyboard */,
				7A0F9127256F7BBE00CBB419 /* CitiesNameCell.swift */,
				7AB6F8002570FE21007BDED0 /* MapVC.swift */,
				7A0F912A256F879000CBB419 /* DetailVC.swift */,
				7A0F9124256F7AE700CBB419 /* CitiesTableVC.swift */,
				7A0F910F256F731300CBB419 /* Assets.xcassets */,
				7A0F9111256F731300CBB419 /* LaunchScreen.storyboard */,
				7A0F9114256F731300CBB419 /* Info.plist */,
			);
			path = WeatherProject;
			sourceTree = "<group>";
		};
		7A0F9130256F8E4C00CBB419 /* Fonts */ = {
			isa = PBXGroup;
			children = (
				7A0F9134256F8E7100CBB419 /* Roboto-Bold.ttf */,
				7A0F9131256F8E6100CBB419 /* Roboto-Regular.ttf */,
			);
			path = Fonts;
			sourceTree = "<group>";
		};
/* End PBXGroup section */

/* Begin PBXNativeTarget section */
		7A0F9102256F730F00CBB419 /* WeatherProject */ = {
			isa = PBXNativeTarget;
			buildConfigurationList = 7A0F9117256F731300CBB419 /* Build configuration list for PBXNativeTarget "WeatherProject" */;
			buildPhases = (
				7A0F90FF256F730F00CBB419 /* Sources */,
				7A0F9100256F730F00CBB419 /* Frameworks */,
				7A0F9101256F730F00CBB419 /* Resources */,
			);
			buildRules = (
			);
			dependencies = (
			);
			name = WeatherProject;
			packageProductDependencies = (
				7A0F911C256F75CE00CBB419 /* Alamofire */,
				7A0F9120256F770500CBB419 /* SwiftyJSON */,
			);
			productName = WeatherProject;
			productReference = 7A0F9103256F730F00CBB419 /* WeatherProject.app */;
			productType = "com.apple.product-type.application";
		};
/* End PBXNativeTarget section */

/* Begin PBXProject section */
		7A0F90FB256F730F00CBB419 /* Project object */ = {
			isa = PBXProject;
			attributes = {
				LastSwiftUpdateCheck = 1220;
				LastUpgradeCheck = 1220;
				TargetAttributes = {
					7A0F9102256F730F00CBB419 = {
						CreatedOnToolsVersion = 12.2;
					};
				};
			};
			buildConfigurationList = 7A0F90FE256F730F00CBB419 /* Build configuration list for PBXProject "WeatherProject" */;
			compatibilityVersion = "Xcode 9.3";
			developmentRegion = en;
			hasScannedForEncodings = 0;
			knownRegions = (
				en,
				Base,
			);
			mainGroup = 7A0F90FA256F730F00CBB419;
			packageReferences = (
				7A0F911B256F75CE00CBB419 /* XCRemoteSwiftPackageReference "Alamofire" */,
				7A0F911F256F770500CBB419 /* XCRemoteSwiftPackageReference "SwiftyJSON" */,
			);
			productRefGroup = 7A0F9104256F730F00CBB419 /* Products */;
			projectDirPath = "";
			projectRoot = "";
			targets = (
				7A0F9102256F730F00CBB419 /* WeatherProject */,
			);
		};
/* End PBXProject section */

/* Begin PBXResourcesBuildPhase section */
		7A0F9101256F730F00CBB419 /* Resources */ = {
			isa = PBXResourcesBuildPhase;
			buildActionMask = 2147483647;
			files = (
				7A0F9113256F731300CBB419 /* LaunchScreen.storyboard in Resources */,
				7A0F9110256F731300CBB419 /* Assets.xcassets in Resources */,
				7A0F9135256F8E7100CBB419 /* Roboto-Bold.ttf in Resources */,
				7A0F9132256F8E6100CBB419 /* Roboto-Regular.ttf in Resources */,
				7A0F910E256F730F00CBB419 /* Main.storyboard in Resources */,
			);
			runOnlyForDeploymentPostprocessing = 0;
		};
/* End PBXResourcesBuildPhase section */

/* Begin PBXSourcesBuildPhase section */
		7A0F90FF256F730F00CBB419 /* Sources */ = {
			isa = PBXSourcesBuildPhase;
			buildActionMask = 2147483647;
			files = (
				7A0F912B256F879000CBB419 /* DetailVC.swift in Sources */,
				7AB6F8012570FE21007BDED0 /* MapVC.swift in Sources */,
				7A0F9125256F7AE700CBB419 /* CitiesTableVC.swift in Sources */,
				7A0F9128256F7BBE00CBB419 /* CitiesNameCell.swift in Sources */,
				7A0F9107256F730F00CBB419 /* AppDelegate.swift in Sources */,
				7A0F9109256F730F00CBB419 /* SceneDelegate.swift in Sources */,
			);
			runOnlyForDeploymentPostprocessing = 0;
		};
/* End PBXSourcesBuildPhase section */

/* Begin PBXVariantGroup section */
		7A0F910C256F730F00CBB419 /* Main.storyboard */ = {
			isa = PBXVariantGroup;
			children = (
				7A0F910D256F730F00CBB419 /* Base */,
			);
			name = Main.storyboard;
			sourceTree = "<group>";
		};
		7A0F9111256F731300CBB419 /* LaunchScreen.storyboard */ = {
			isa = PBXVariantGroup;
			children = (
				7A0F9112256F731300CBB419 /* Base */,
			);
			name = LaunchScreen.storyboard;
			sourceTree = "<group>";
		};
/* End PBXVariantGroup section */

/* Begin XCBuildConfiguration section */
		7A0F9115256F731300CBB419 /* Debug */ = {
			isa = XCBuildConfiguration;
			buildSettings = {
				ALWAYS_SEARCH_USER_PATHS = NO;
				CLANG_ANALYZER_NONNULL = YES;
				CLANG_ANALYZER_NUMBER_OBJECT_CONVERSION = YES_AGGRESSIVE;
				CLANG_CXX_LANGUAGE_STANDARD = "gnu++14";
				CLANG_CXX_LIBRARY = "libc++";
				CLANG_ENABLE_MODULES = YES;
				CLANG_ENABLE_OBJC_ARC = YES;
				CLANG_ENABLE_OBJC_WEAK = YES;
				CLANG_WARN_BLOCK_CAPTURE_AUTORELEASING = YES;
				CLANG_WARN_BOOL_CONVERSION = YES;
				CLANG_WARN_COMMA = YES;
				CLANG_WARN_CONSTANT_CONVERSION = YES;
				CLANG_WARN_DEPRECATED_OBJC_IMPLEMENTATIONS = YES;
				CLANG_WARN_DIRECT_OBJC_ISA_USAGE = YES_ERROR;
				CLANG_WARN_DOCUMENTATION_COMMENTS = YES;
				CLANG_WARN_EMPTY_BODY = YES;
				CLANG_WARN_ENUM_CONVERSION = YES;
				CLANG_WARN_INFINITE_RECURSION = YES;
				CLANG_WARN_INT_CONVERSION = YES;
				CLANG_WARN_NON_LITERAL_NULL_CONVERSION = YES;
				CLANG_WARN_OBJC_IMPLICIT_RETAIN_SELF = YES;
				CLANG_WARN_OBJC_LITERAL_CONVERSION = YES;
				CLANG_WARN_OBJC_ROOT_CLASS = YES_ERROR;
				CLANG_WARN_QUOTED_INCLUDE_IN_FRAMEWORK_HEADER = YES;
				CLANG_WARN_RANGE_LOOP_ANALYSIS = YES;
				CLANG_WARN_STRICT_PROTOTYPES = YES;
				CLANG_WARN_SUSPICIOUS_MOVE = YES;
				CLANG_WARN_UNGUARDED_AVAILABILITY = YES_AGGRESSIVE;
				CLANG_WARN_UNREACHABLE_CODE = YES;
				CLANG_WARN__DUPLICATE_METHOD_MATCH = YES;
				COPY_PHASE_STRIP = NO;
				DEBUG_INFORMATION_FORMAT = dwarf;
				ENABLE_STRICT_OBJC_MSGSEND = YES;
				ENABLE_TESTABILITY = YES;
				GCC_C_LANGUAGE_STANDARD = gnu11;
				GCC_DYNAMIC_NO_PIC = NO;
				GCC_NO_COMMON_BLOCKS = YES;
				GCC_OPTIMIZATION_LEVEL = 0;
				GCC_PREPROCESSOR_DEFINITIONS = (
					"DEBUG=1",
					"$(inherited)",
				);
				GCC_WARN_64_TO_32_BIT_CONVERSION = YES;
				GCC_WARN_ABOUT_RETURN_TYPE = YES_ERROR;
				GCC_WARN_UNDECLARED_SELECTOR = YES;
				GCC_WARN_UNINITIALIZED_AUTOS = YES_AGGRESSIVE;
				GCC_WARN_UNUSED_FUNCTION = YES;
				GCC_WARN_UNUSED_VARIABLE = YES;
				IPHONEOS_DEPLOYMENT_TARGET = 14.2;
				MTL_ENABLE_DEBUG_INFO = INCLUDE_SOURCE;
				MTL_FAST_MATH = YES;
				ONLY_ACTIVE_ARCH = YES;
				SDKROOT = iphoneos;
				SWIFT_ACTIVE_COMPILATION_CONDITIONS = DEBUG;
				SWIFT_OPTIMIZATION_LEVEL = "-Onone";
			};
			name = Debug;
		};
		7A0F9116256F731300CBB419 /* Release */ = {
			isa = XCBuildConfiguration;
			buildSettings = {
				ALWAYS_SEARCH_USER_PATHS = NO;
				CLANG_ANALYZER_NONNULL = YES;
				CLANG_ANALYZER_NUMBER_OBJECT_CONVERSION = YES_AGGRESSIVE;
				CLANG_CXX_LANGUAGE_STANDARD = "gnu++14";
				CLANG_CXX_LIBRARY = "libc++";
				CLANG_ENABLE_MODULES = YES;
				CLANG_ENABLE_OBJC_ARC = YES;
				CLANG_ENABLE_OBJC_WEAK = YES;
				CLANG_WARN_BLOCK_CAPTURE_AUTORELEASING = YES;
				CLANG_WARN_BOOL_CONVERSION = YES;
				CLANG_WARN_COMMA = YES;
				CLANG_WARN_CONSTANT_CONVERSION = YES;
				CLANG_WARN_DEPRECATED_OBJC_IMPLEMENTATIONS = YES;
				CLANG_WARN_DIRECT_OBJC_ISA_USAGE = YES_ERROR;
				CLANG_WARN_DOCUMENTATION_COMMENTS = YES;
				CLANG_WARN_EMPTY_BODY = YES;
				CLANG_WARN_ENUM_CONVERSION = YES;
				CLANG_WARN_INFINITE_RECURSION = YES;
				CLANG_WARN_INT_CONVERSION = YES;
				CLANG_WARN_NON_LITERAL_NULL_CONVERSION = YES;
				CLANG_WARN_OBJC_IMPLICIT_RETAIN_SELF = YES;
				CLANG_WARN_OBJC_LITERAL_CONVERSION = YES;
				CLANG_WARN_OBJC_ROOT_CLASS = YES_ERROR;
				CLANG_WARN_QUOTED_INCLUDE_IN_FRAMEWORK_HEADER = YES;
				CLANG_WARN_RANGE_LOOP_ANALYSIS = YES;
				CLANG_WARN_STRICT_PROTOTYPES = YES;
				CLANG_WARN_SUSPICIOUS_MOVE = YES;
				CLANG_WARN_UNGUARDED_AVAILABILITY = YES_AGGRESSIVE;
				CLANG_WARN_UNREACHABLE_CODE = YES;
				CLANG_WARN__DUPLICATE_METHOD_MATCH = YES;
				COPY_PHASE_STRIP = NO;
				DEBUG_INFORMATION_FORMAT = "dwarf-with-dsym";
				ENABLE_NS_ASSERTIONS = NO;
				ENABLE_STRICT_OBJC_MSGSEND = YES;
				GCC_C_LANGUAGE_STANDARD = gnu11;
				GCC_NO_COMMON_BLOCKS = YES;
				GCC_WARN_64_TO_32_BIT_CONVERSION = YES;
				GCC_WARN_ABOUT_RETURN_TYPE = YES_ERROR;
				GCC_WARN_UNDECLARED_SELECTOR = YES;
				GCC_WARN_UNINITIALIZED_AUTOS = YES_AGGRESSIVE;
				GCC_WARN_UNUSED_FUNCTION = YES;
				GCC_WARN_UNUSED_VARIABLE = YES;
				IPHONEOS_DEPLOYMENT_TARGET = 14.2;
				MTL_ENABLE_DEBUG_INFO = NO;
				MTL_FAST_MATH = YES;
				SDKROOT = iphoneos;
				SWIFT_COMPILATION_MODE = wholemodule;
				SWIFT_OPTIMIZATION_LEVEL = "-O";
				VALIDATE_PRODUCT = YES;
			};
			name = Release;
		};
		7A0F9118256F731300CBB419 /* Debug */ = {
			isa = XCBuildConfiguration;
			buildSettings = {
				ASSETCATALOG_COMPILER_APPICON_NAME = AppIcon;
				ASSETCATALOG_COMPILER_GLOBAL_ACCENT_COLOR_NAME = AccentColor;
				CODE_SIGN_STYLE = Automatic;
				INFOPLIST_FILE = WeatherProject/Info.plist;
				LD_RUNPATH_SEARCH_PATHS = (
					"$(inherited)",
					"@executable_path/Frameworks",
				);
				PRODUCT_BUNDLE_IDENTIFIER = "elizabeth-tech.WeatherProject";
				PRODUCT_NAME = "$(TARGET_NAME)";
				SWIFT_VERSION = 5.0;
				TARGETED_DEVICE_FAMILY = "1,2";
			};
			name = Debug;
		};
		7A0F9119256F731300CBB419 /* Release */ = {
			isa = XCBuildConfiguration;
			buildSettings = {
				ASSETCATALOG_COMPILER_APPICON_NAME = AppIcon;
				ASSETCATALOG_COMPILER_GLOBAL_ACCENT_COLOR_NAME = AccentColor;
				CODE_SIGN_STYLE = Automatic;
				INFOPLIST_FILE = WeatherProject/Info.plist;
				LD_RUNPATH_SEARCH_PATHS = (
					"$(inherited)",
					"@executable_path/Frameworks",
				);
				PRODUCT_BUNDLE_IDENTIFIER = "elizabeth-tech.WeatherProject";
				PRODUCT_NAME = "$(TARGET_NAME)";
				SWIFT_VERSION = 5.0;
				TARGETED_DEVICE_FAMILY = "1,2";
			};
			name = Release;
		};
/* End XCBuildConfiguration section */

/* Begin XCConfigurationList section */
		7A0F90FE256F730F00CBB419 /* Build configuration list for PBXProject "WeatherProject" */ = {
			isa = XCConfigurationList;
			buildConfigurations = (
				7A0F9115256F731300CBB419 /* Debug */,
				7A0F9116256F731300CBB419 /* Release */,
			);
			defaultConfigurationIsVisible = 0;
			defaultConfigurationName = Release;
		};
		7A0F9117256F731300CBB419 /* Build configuration list for PBXNativeTarget "WeatherProject" */ = {
			isa = XCConfigurationList;
			buildConfigurations = (
				7A0F9118256F731300CBB419 /* Debug */,
				7A0F9119256F731300CBB419 /* Release */,
			);
			defaultConfigurationIsVisible = 0;
			defaultConfigurationName = Release;
		};
/* End XCConfigurationList section */

/* Begin XCRemoteSwiftPackageReference section */
		7A0F911B256F75CE00CBB419 /* XCRemoteSwiftPackageReference "Alamofire" */ = {
			isa = XCRemoteSwiftPackageReference;
			repositoryURL = "https://github.com/Alamofire/Alamofire";
			requirement = {
				kind = upToNextMajorVersion;
				minimumVersion = 5.4.0;
			};
		};
		7A0F911F256F770500CBB419 /* XCRemoteSwiftPackageReference "SwiftyJSON" */ = {
			isa = XCRemoteSwiftPackageReference;
			repositoryURL = "https://github.com/SwiftyJSON/SwiftyJSON.git";
			requirement = {
				kind = upToNextMajorVersion;
				minimumVersion = 5.0.0;
			};
		};
/* End XCRemoteSwiftPackageReference section */

/* Begin XCSwiftPackageProductDependency section */
		7A0F911C256F75CE00CBB419 /* Alamofire */ = {
			isa = XCSwiftPackageProductDependency;
			package = 7A0F911B256F75CE00CBB419 /* XCRemoteSwiftPackageReference "Alamofire" */;
			productName = Alamofire;
		};
		7A0F9120256F770500CBB419 /* SwiftyJSON */ = {
			isa = XCSwiftPackageProductDependency;
			package = 7A0F911F256F770500CBB419 /* XCRemoteSwiftPackageReference "SwiftyJSON" */;
			productName = SwiftyJSON;
		};
/* End XCSwiftPackageProductDependency section */
	};
	rootObject = 7A0F90FB256F730F00CBB419 /* Project object */;
}
